
Microsoft Visual Studio Solution File, Format Version 12.00
# Visual Studio 14
VisualStudioVersion = 14.0.25123.0
MinimumVisualStudioVersion = 10.0.40219.1
Project("{8BC9CEB8-8B4A-11D0-8D11-00A0C91BC942}") = "EulerProject_001", "EulerProject\EulerProject.vcxproj", "{59C790BA-6089-4167-8B72-1052E432EE77}"
EndProject
Project("{8BC9CEB8-8B4A-11D0-8D11-00A0C91BC942}") = "EulerProject_002", "EulerProject_002\EulerProject_002.vcxproj", "{70765FBE-8E0F-4654-A938-3187DE44EC71}"
EndProject
Project("{8BC9CEB8-8B4A-11D0-8D11-00A0C91BC942}") = "EulerProject_003", "EulerProject_003\EulerProject_003.vcxproj", "{9AD18D6E-EEF2-4D24-9A95-5BA431A4AED8}"
EndProject
Project("{8BC9CEB8-8B4A-11D0-8D11-00A0C91BC942}") = "EulerProject_004", "EulerProject_004\EulerProject_004.vcxproj", "{D2FD5C6A-0147-4AA4-A8DF-A4BE2956EF6D}"
EndProject
Project("{8BC9CEB8-8B4A-11D0-8D11-00A0C91BC942}") = "EulerProject_005", "EulerProject_005\EulerProject_005.vcxproj", "{4B1BD9DC-2B67-4258-8864-9DCBBCC8A1A2}"
EndProject
Project("{8BC9CEB8-8B4A-11D0-8D11-00A0C91BC942}") = "EulerProject_006", "EulerProject_006\EulerProject_006.vcxproj", "{9EA67533-8D3E-43E1-86D1-7A6003CEC91B}"
EndProject
Project("{8BC9CEB8-8B4A-11D0-8D11-00A0C91BC942}") = "EulerProject_007", "EulerProject_007\EulerProject_007.vcxproj", "{C5ACA263-D52D-4D00-928A-AFAFE9C96BE3}"
EndProject
Project("{8BC9CEB8-8B4A-11D0-8D11-00A0C91BC942}") = "EulerProject_008", "EulerProject_008\EulerProject_008.vcxproj", "{42C74865-8996-445C-B034-6FDF281AA807}"
EndProject
Project("{8BC9CEB8-8B4A-11D0-8D11-00A0C91BC942}") = "EulerProject_009", "EulerProject_009\EulerProject_009.vcxproj", "{30672E28-8753-4B1D-82E3-E806053DEDC3}"
EndProject
Project("{8BC9CEB8-8B4A-11D0-8D11-00A0C91BC942}") = "EulerProject_010", "EulerProject_010\EulerProject_010.vcxproj", "{8F66730B-A037-4FE8-A744-B36923FA51AB}"
EndProject
Project("{8BC9CEB8-8B4A-11D0-8D11-00A0C91BC942}") = "EulerProject_011", "EulerProject_011\EulerProject_011.vcxproj", "{A2212600-5A07-4D32-979A-FD668DB2CCF3}"
EndProject
Project("{8BC9CEB8-8B4A-11D0-8D11-00A0C91BC942}") = "EulerProject_012", "EulerProject_012\EulerProject_012.vcxproj", "{1548F0D5-BBFE-4B8B-B7FA-3B726B023CA2}"
EndProject
Project("{8BC9CEB8-8B4A-11D0-8D11-00A0C91BC942}") = "EulerProject_013", "EulerProject_013\EulerProject_013.vcxproj", "{74FD8000-2483-4289-A351-7837329C3D3A}"
EndProject
Global
	GlobalSection(SolutionConfigurationPlatforms) = preSolution
		Debug|x64 = Debug|x64
		Debug|x86 = Debug|x86
		Release|x64 = Release|x64
		Release|x86 = Release|x86
	EndGlobalSection
	GlobalSection(ProjectConfigurationPlatforms) = postSolution
		{59C790BA-6089-4167-8B72-1052E432EE77}.Debug|x64.ActiveCfg = Debug|x64
		{59C790BA-6089-4167-8B72-1052E432EE77}.Debug|x64.Build.0 = Debug|x64
		{59C790BA-6089-4167-8B72-1052E432EE77}.Debug|x86.ActiveCfg = Debug|Win32
		{59C790BA-6089-4167-8B72-1052E432EE77}.Debug|x86.Build.0 = Debug|Win32
		{59C790BA-6089-4167-8B72-1052E432EE77}.Release|x64.ActiveCfg = Release|x64
		{59C790BA-6089-4167-8B72-1052E432EE77}.Release|x64.Build.0 = Release|x64
		{59C790BA-6089-4167-8B72-1052E432EE77}.Release|x86.ActiveCfg = Release|Win32
		{59C790BA-6089-4167-8B72-1052E432EE77}.Release|x86.Build.0 = Release|Win32
		{70765FBE-8E0F-4654-A938-3187DE44EC71}.Debug|x64.ActiveCfg = Debug|x64
		{70765FBE-8E0F-4654-A938-3187DE44EC71}.Debug|x64.Build.0 = Debug|x64
		{70765FBE-8E0F-4654-A938-3187DE44EC71}.Debug|x86.ActiveCfg = Debug|Win32
		{70765FBE-8E0F-4654-A938-3187DE44EC71}.Debug|x86.Build.0 = Debug|Win32
		{70765FBE-8E0F-4654-A938-3187DE44EC71}.Release|x64.ActiveCfg = Release|x64
		{70765FBE-8E0F-4654-A938-3187DE44EC71}.Release|x64.Build.0 = Release|x64
		{70765FBE-8E0F-4654-A938-3187DE44EC71}.Release|x86.ActiveCfg = Release|Win32
		{70765FBE-8E0F-4654-A938-3187DE44EC71}.Release|x86.Build.0 = Release|Win32
		{9AD18D6E-EEF2-4D24-9A95-5BA431A4AED8}.Debug|x64.ActiveCfg = Debug|x64
		{9AD18D6E-EEF2-4D24-9A95-5BA431A4AED8}.Debug|x64.Build.0 = Debug|x64
		{9AD18D6E-EEF2-4D24-9A95-5BA431A4AED8}.Debug|x86.ActiveCfg = Debug|Win32
		{9AD18D6E-EEF2-4D24-9A95-5BA431A4AED8}.Debug|x86.Build.0 = Debug|Win32
		{9AD18D6E-EEF2-4D24-9A95-5BA431A4AED8}.Release|x64.ActiveCfg = Release|x64
		{9AD18D6E-EEF2-4D24-9A95-5BA431A4AED8}.Release|x64.Build.0 = Release|x64
		{9AD18D6E-EEF2-4D24-9A95-5BA431A4AED8}.Release|x86.ActiveCfg = Release|Win32
		{9AD18D6E-EEF2-4D24-9A95-5BA431A4AED8}.Release|x86.Build.0 = Release|Win32
		{D2FD5C6A-0147-4AA4-A8DF-A4BE2956EF6D}.Debug|x64.ActiveCfg = Debug|x64
		{D2FD5C6A-0147-4AA4-A8DF-A4BE2956EF6D}.Debug|x64.Build.0 = Debug|x64
		{D2FD5C6A-0147-4AA4-A8DF-A4BE2956EF6D}.Debug|x86.ActiveCfg = Debug|Win32
		{D2FD5C6A-0147-4AA4-A8DF-A4BE2956EF6D}.Debug|x86.Build.0 = Debug|Win32
		{D2FD5C6A-0147-4AA4-A8DF-A4BE2956EF6D}.Release|x64.ActiveCfg = Release|x64
		{D2FD5C6A-0147-4AA4-A8DF-A4BE2956EF6D}.Release|x64.Build.0 = Release|x64
		{D2FD5C6A-0147-4AA4-A8DF-A4BE2956EF6D}.Release|x86.ActiveCfg = Release|Win32
		{D2FD5C6A-0147-4AA4-A8DF-A4BE2956EF6D}.Release|x86.Build.0 = Release|Win32
		{4B1BD9DC-2B67-4258-8864-9DCBBCC8A1A2}.Debug|x64.ActiveCfg = Debug|x64
		{4B1BD9DC-2B67-4258-8864-9DCBBCC8A1A2}.Debug|x64.Build.0 = Debug|x64
		{4B1BD9DC-2B67-4258-8864-9DCBBCC8A1A2}.Debug|x86.ActiveCfg = Debug|Win32
		{4B1BD9DC-2B67-4258-8864-9DCBBCC8A1A2}.Debug|x86.Build.0 = Debug|Win32
		{4B1BD9DC-2B67-4258-8864-9DCBBCC8A1A2}.Release|x64.ActiveCfg = Release|x64
		{4B1BD9DC-2B67-4258-8864-9DCBBCC8A1A2}.Release|x64.Build.0 = Release|x64
		{4B1BD9DC-2B67-4258-8864-9DCBBCC8A1A2}.Release|x86.ActiveCfg = Release|Win32
		{4B1BD9DC-2B67-4258-8864-9DCBBCC8A1A2}.Release|x86.Build.0 = Release|Win32
		{9EA67533-8D3E-43E1-86D1-7A6003CEC91B}.Debug|x64.ActiveCfg = Debug|x64
		{9EA67533-8D3E-43E1-86D1-7A6003CEC91B}.Debug|x64.Build.0 = Debug|x64
		{9EA67533-8D3E-43E1-86D1-7A6003CEC91B}.Debug|x86.ActiveCfg = Debug|Win32
		{9EA67533-8D3E-43E1-86D1-7A6003CEC91B}.Debug|x86.Build.0 = Debug|Win32
		{9EA67533-8D3E-43E1-86D1-7A6003CEC91B}.Release|x64.ActiveCfg = Release|x64
		{9EA67533-8D3E-43E1-86D1-7A6003CEC91B}.Release|x64.Build.0 = Release|x64
		{9EA67533-8D3E-43E1-86D1-7A6003CEC91B}.Release|x86.ActiveCfg = Release|Win32
		{9EA67533-8D3E-43E1-86D1-7A6003CEC91B}.Release|x86.Build.0 = Release|Win32
		{C5ACA263-D52D-4D00-928A-AFAFE9C96BE3}.Debug|x64.ActiveCfg = Debug|x64
		{C5ACA263-D52D-4D00-928A-AFAFE9C96BE3}.Debug|x64.Build.0 = Debug|x64
		{C5ACA263-D52D-4D00-928A-AFAFE9C96BE3}.Debug|x86.ActiveCfg = Debug|Win32
		{C5ACA263-D52D-4D00-928A-AFAFE9C96BE3}.Debug|x86.Build.0 = Debug|Win32
		{C5ACA263-D52D-4D00-928A-AFAFE9C96BE3}.Release|x64.ActiveCfg = Release|x64
		{C5ACA263-D52D-4D00-928A-AFAFE9C96BE3}.Release|x64.Build.0 = Release|x64
		{C5ACA263-D52D-4D00-928A-AFAFE9C96BE3}.Release|x86.ActiveCfg = Release|Win32
		{C5ACA263-D52D-4D00-928A-AFAFE9C96BE3}.Release|x86.Build.0 = Release|Win32
		{42C74865-8996-445C-B034-6FDF281AA807}.Debug|x64.ActiveCfg = Debug|x64
		{42C74865-8996-445C-B034-6FDF281AA807}.Debug|x64.Build.0 = Debug|x64
		{42C74865-8996-445C-B034-6FDF281AA807}.Debug|x86.ActiveCfg = Debug|Win32
		{42C74865-8996-445C-B034-6FDF281AA807}.Debug|x86.Build.0 = Debug|Win32
		{42C74865-8996-445C-B034-6FDF281AA807}.Release|x64.ActiveCfg = Release|x64
		{42C74865-8996-445C-B034-6FDF281AA807}.Release|x64.Build.0 = Release|x64
		{42C74865-8996-445C-B034-6FDF281AA807}.Release|x86.ActiveCfg = Release|Win32
		{42C74865-8996-445C-B034-6FDF281AA807}.Release|x86.Build.0 = Release|Win32
		{30672E28-8753-4B1D-82E3-E806053DEDC3}.Debug|x64.ActiveCfg = Debug|x64
		{30672E28-8753-4B1D-82E3-E806053DEDC3}.Debug|x64.Build.0 = Debug|x64
		{30672E28-8753-4B1D-82E3-E806053DEDC3}.Debug|x86.ActiveCfg = Debug|Win32
		{30672E28-8753-4B1D-82E3-E806053DEDC3}.Debug|x86.Build.0 = Debug|Win32
		{30672E28-8753-4B1D-82E3-E806053DEDC3}.Release|x64.ActiveCfg = Release|x64
		{30672E28-8753-4B1D-82E3-E806053DEDC3}.Release|x64.Build.0 = Release|x64
		{30672E28-8753-4B1D-82E3-E806053DEDC3}.Release|x86.ActiveCfg = Release|Win32
		{30672E28-8753-4B1D-82E3-E806053DEDC3}.Release|x86.Build.0 = Release|Win32
		{8F66730B-A037-4FE8-A744-B36923FA51AB}.Debug|x64.ActiveCfg = Debug|x64
		{8F66730B-A037-4FE8-A744-B36923FA51AB}.Debug|x64.Build.0 = Debug|x64
		{8F66730B-A037-4FE8-A744-B36923FA51AB}.Debug|x86.ActiveCfg = Debug|Win32
		{8F66730B-A037-4FE8-A744-B36923FA51AB}.Debug|x86.Build.0 = Debug|Win32
		{8F66730B-A037-4FE8-A744-B36923FA51AB}.Release|x64.ActiveCfg = Release|x64
		{8F66730B-A037-4FE8-A744-B36923FA51AB}.Release|x64.Build.0 = Release|x64
		{8F66730B-A037-4FE8-A744-B36923FA51AB}.Release|x86.ActiveCfg = Release|Win32
		{8F66730B-A037-4FE8-A744-B36923FA51AB}.Release|x86.Build.0 = Release|Win32
		{A2212600-5A07-4D32-979A-FD668DB2CCF3}.Debug|x64.ActiveCfg = Debug|x64
		{A2212600-5A07-4D32-979A-FD668DB2CCF3}.Debug|x64.Build.0 = Debug|x64
		{A2212600-5A07-4D32-979A-FD668DB2CCF3}.Debug|x86.ActiveCfg = Debug|Win32
		{A2212600-5A07-4D32-979A-FD668DB2CCF3}.Debug|x86.Build.0 = Debug|Win32
		{A2212600-5A07-4D32-979A-FD668DB2CCF3}.Release|x64.ActiveCfg = Release|x64
		{A2212600-5A07-4D32-979A-FD668DB2CCF3}.Release|x64.Build.0 = Release|x64
		{A2212600-5A07-4D32-979A-FD668DB2CCF3}.Release|x86.ActiveCfg = Release|Win32
		{A2212600-5A07-4D32-979A-FD668DB2CCF3}.Release|x86.Build.0 = Release|Win32
		{1548F0D5-BBFE-4B8B-B7FA-3B726B023CA2}.Debug|x64.ActiveCfg = Debug|x64
		{1548F0D5-BBFE-4B8B-B7FA-3B726B023CA2}.Debug|x64.Build.0 = Debug|x64
		{1548F0D5-BBFE-4B8B-B7FA-3B726B023CA2}.Debug|x86.ActiveCfg = Debug|Win32
		{1548F0D5-BBFE-4B8B-B7FA-3B726B023CA2}.Debug|x86.Build.0 = Debug|Win32
		{1548F0D5-BBFE-4B8B-B7FA-3B726B023CA2}.Release|x64.ActiveCfg = Release|x64
		{1548F0D5-BBFE-4B8B-B7FA-3B726B023CA2}.Release|x64.Build.0 = Release|x64
		{1548F0D5-BBFE-4B8B-B7FA-3B726B023CA2}.Release|x86.ActiveCfg = Release|Win32
		{1548F0D5-BBFE-4B8B-B7FA-3B726B023CA2}.Release|x86.Build.0 = Release|Win32
		{74FD8000-2483-4289-A351-7837329C3D3A}.Debug|x64.ActiveCfg = Debug|x64
		{74FD8000-2483-4289-A351-7837329C3D3A}.Debug|x64.Build.0 = Debug|x64
		{74FD8000-2483-4289-A351-7837329C3D3A}.Debug|x86.ActiveCfg = Debug|Win32
		{74FD8000-2483-4289-A351-7837329C3D3A}.Debug|x86.Build.0 = Debug|Win32
		{74FD8000-2483-4289-A351-7837329C3D3A}.Release|x64.ActiveCfg = Release|x64
		{74FD8000-2483-4289-A351-7837329C3D3A}.Release|x64.Build.0 = Release|x64
		{74FD8000-2483-4289-A351-7837329C3D3A}.Release|x86.ActiveCfg = Release|Win32
		{74FD8000-2483-4289-A351-7837329C3D3A}.Release|x86.Build.0 = Release|Win32
	EndGlobalSection
	GlobalSection(SolutionProperties) = preSolution
		HideSolutionNode = FALSE
	EndGlobalSection
EndGlobal
